
Microsoft Visual Studio Solution File, Format Version 12.00
# Visual Studio 15
VisualStudioVersion = 15.0.26124.0
MinimumVisualStudioVersion = 15.0.26124.0
Project("{FAE04EC0-301F-11D3-BF4B-00C04F79EFBC}") = "Api.Data", "Api.Data\Api.Data.csproj", "{8CEF0FFF-F663-4421-9E9C-985B7CCB3603}"
EndProject
Project("{FAE04EC0-301F-11D3-BF4B-00C04F79EFBC}") = "Api.Service", "Api.Service\Api.Service.csproj", "{17F2C524-8742-48DF-959F-7E94A1465A70}"
EndProject
Project("{FAE04EC0-301F-11D3-BF4B-00C04F79EFBC}") = "Api.Domain", "Api.Domain\Api.Domain.csproj", "{CD2B27A0-1511-4832-B8ED-026313DA3266}"
EndProject
Project("{FAE04EC0-301F-11D3-BF4B-00C04F79EFBC}") = "Api.CrossCutting", "Api.CrossCutting\Api.CrossCutting.csproj", "{843AA163-41E5-4D58-8F42-E9AEFAF44050}"
EndProject
Project("{FAE04EC0-301F-11D3-BF4B-00C04F79EFBC}") = "Api.Application", "Api.Application\Api.Application.csproj", "{402DDBC9-9712-4221-97F6-8B7E40DFEE22}"
EndProject
Project("{FAE04EC0-301F-11D3-BF4B-00C04F79EFBC}") = "Api.Data.Test", "Api.Data.Test\Api.Data.Test.csproj", "{192C8624-17E3-405C-BDE4-CF3690A90B14}"
EndProject
Project("{FAE04EC0-301F-11D3-BF4B-00C04F79EFBC}") = "Api.Service.Test", "Api.Service.Test\Api.Service.Test.csproj", "{119CF6A7-4A70-497F-939B-5B04D2676159}"
EndProject
Global
	GlobalSection(SolutionConfigurationPlatforms) = preSolution
		Debug|Any CPU = Debug|Any CPU
		Debug|x64 = Debug|x64
		Debug|x86 = Debug|x86
		Release|Any CPU = Release|Any CPU
		Release|x64 = Release|x64
		Release|x86 = Release|x86
	EndGlobalSection
	GlobalSection(SolutionProperties) = preSolution
		HideSolutionNode = FALSE
	EndGlobalSection
	GlobalSection(ProjectConfigurationPlatforms) = postSolution
		{8CEF0FFF-F663-4421-9E9C-985B7CCB3603}.Debug|Any CPU.ActiveCfg = Debug|Any CPU
		{8CEF0FFF-F663-4421-9E9C-985B7CCB3603}.Debug|Any CPU.Build.0 = Debug|Any CPU
		{8CEF0FFF-F663-4421-9E9C-985B7CCB3603}.Debug|x64.ActiveCfg = Debug|Any CPU
		{8CEF0FFF-F663-4421-9E9C-985B7CCB3603}.Debug|x64.Build.0 = Debug|Any CPU
		{8CEF0FFF-F663-4421-9E9C-985B7CCB3603}.Debug|x86.ActiveCfg = Debug|Any CPU
		{8CEF0FFF-F663-4421-9E9C-985B7CCB3603}.Debug|x86.Build.0 = Debug|Any CPU
		{8CEF0FFF-F663-4421-9E9C-985B7CCB3603}.Release|Any CPU.ActiveCfg = Release|Any CPU
		{8CEF0FFF-F663-4421-9E9C-985B7CCB3603}.Release|Any CPU.Build.0 = Release|Any CPU
		{8CEF0FFF-F663-4421-9E9C-985B7CCB3603}.Release|x64.ActiveCfg = Release|Any CPU
		{8CEF0FFF-F663-4421-9E9C-985B7CCB3603}.Release|x64.Build.0 = Release|Any CPU
		{8CEF0FFF-F663-4421-9E9C-985B7CCB3603}.Release|x86.ActiveCfg = Release|Any CPU
		{8CEF0FFF-F663-4421-9E9C-985B7CCB3603}.Release|x86.Build.0 = Release|Any CPU
		{17F2C524-8742-48DF-959F-7E94A1465A70}.Debug|Any CPU.ActiveCfg = Debug|Any CPU
		{17F2C524-8742-48DF-959F-7E94A1465A70}.Debug|Any CPU.Build.0 = Debug|Any CPU
		{17F2C524-8742-48DF-959F-7E94A1465A70}.Debug|x64.ActiveCfg = Debug|Any CPU
		{17F2C524-8742-48DF-959F-7E94A1465A70}.Debug|x64.Build.0 = Debug|Any CPU
		{17F2C524-8742-48DF-959F-7E94A1465A70}.Debug|x86.ActiveCfg = Debug|Any CPU
		{17F2C524-8742-48DF-959F-7E94A1465A70}.Debug|x86.Build.0 = Debug|Any CPU
		{17F2C524-8742-48DF-959F-7E94A1465A70}.Release|Any CPU.ActiveCfg = Release|Any CPU
		{17F2C524-8742-48DF-959F-7E94A1465A70}.Release|Any CPU.Build.0 = Release|Any CPU
		{17F2C524-8742-48DF-959F-7E94A1465A70}.Release|x64.ActiveCfg = Release|Any CPU
		{17F2C524-8742-48DF-959F-7E94A1465A70}.Release|x64.Build.0 = Release|Any CPU
		{17F2C524-8742-48DF-959F-7E94A1465A70}.Release|x86.ActiveCfg = Release|Any CPU
		{17F2C524-8742-48DF-959F-7E94A1465A70}.Release|x86.Build.0 = Release|Any CPU
		{CD2B27A0-1511-4832-B8ED-026313DA3266}.Debug|Any CPU.ActiveCfg = Debug|Any CPU
		{CD2B27A0-1511-4832-B8ED-026313DA3266}.Debug|Any CPU.Build.0 = Debug|Any CPU
		{CD2B27A0-1511-4832-B8ED-026313DA3266}.Debug|x64.ActiveCfg = Debug|Any CPU
		{CD2B27A0-1511-4832-B8ED-026313DA3266}.Debug|x64.Build.0 = Debug|Any CPU
		{CD2B27A0-1511-4832-B8ED-026313DA3266}.Debug|x86.ActiveCfg = Debug|Any CPU
		{CD2B27A0-1511-4832-B8ED-026313DA3266}.Debug|x86.Build.0 = Debug|Any CPU
		{CD2B27A0-1511-4832-B8ED-026313DA3266}.Release|Any CPU.ActiveCfg = Release|Any CPU
		{CD2B27A0-1511-4832-B8ED-026313DA3266}.Release|Any CPU.Build.0 = Release|Any CPU
		{CD2B27A0-1511-4832-B8ED-026313DA3266}.Release|x64.ActiveCfg = Release|Any CPU
		{CD2B27A0-1511-4832-B8ED-026313DA3266}.Release|x64.Build.0 = Release|Any CPU
		{CD2B27A0-1511-4832-B8ED-026313DA3266}.Release|x86.ActiveCfg = Release|Any CPU
		{CD2B27A0-1511-4832-B8ED-026313DA3266}.Release|x86.Build.0 = Release|Any CPU
		{843AA163-41E5-4D58-8F42-E9AEFAF44050}.Debug|Any CPU.ActiveCfg = Debug|Any CPU
		{843AA163-41E5-4D58-8F42-E9AEFAF44050}.Debug|Any CPU.Build.0 = Debug|Any CPU
		{843AA163-41E5-4D58-8F42-E9AEFAF44050}.Debug|x64.ActiveCfg = Debug|Any CPU
		{843AA163-41E5-4D58-8F42-E9AEFAF44050}.Debug|x64.Build.0 = Debug|Any CPU
		{843AA163-41E5-4D58-8F42-E9AEFAF44050}.Debug|x86.ActiveCfg = Debug|Any CPU
		{843AA163-41E5-4D58-8F42-E9AEFAF44050}.Debug|x86.Build.0 = Debug|Any CPU
		{843AA163-41E5-4D58-8F42-E9AEFAF44050}.Release|Any CPU.ActiveCfg = Release|Any CPU
		{843AA163-41E5-4D58-8F42-E9AEFAF44050}.Release|Any CPU.Build.0 = Release|Any CPU
		{843AA163-41E5-4D58-8F42-E9AEFAF44050}.Release|x64.ActiveCfg = Release|Any CPU
		{843AA163-41E5-4D58-8F42-E9AEFAF44050}.Release|x64.Build.0 = Release|Any CPU
		{843AA163-41E5-4D58-8F42-E9AEFAF44050}.Release|x86.ActiveCfg = Release|Any CPU
		{843AA163-41E5-4D58-8F42-E9AEFAF44050}.Release|x86.Build.0 = Release|Any CPU
		{402DDBC9-9712-4221-97F6-8B7E40DFEE22}.Debug|Any CPU.ActiveCfg = Debug|Any CPU
		{402DDBC9-9712-4221-97F6-8B7E40DFEE22}.Debug|Any CPU.Build.0 = Debug|Any CPU
		{402DDBC9-9712-4221-97F6-8B7E40DFEE22}.Debug|x64.ActiveCfg = Debug|Any CPU
		{402DDBC9-9712-4221-97F6-8B7E40DFEE22}.Debug|x64.Build.0 = Debug|Any CPU
		{402DDBC9-9712-4221-97F6-8B7E40DFEE22}.Debug|x86.ActiveCfg = Debug|Any CPU
		{402DDBC9-9712-4221-97F6-8B7E40DFEE22}.Debug|x86.Build.0 = Debug|Any CPU
		{402DDBC9-9712-4221-97F6-8B7E40DFEE22}.Release|Any CPU.ActiveCfg = Release|Any CPU
		{402DDBC9-9712-4221-97F6-8B7E40DFEE22}.Release|Any CPU.Build.0 = Release|Any CPU
		{402DDBC9-9712-4221-97F6-8B7E40DFEE22}.Release|x64.ActiveCfg = Release|Any CPU
		{402DDBC9-9712-4221-97F6-8B7E40DFEE22}.Release|x64.Build.0 = Release|Any CPU
		{402DDBC9-9712-4221-97F6-8B7E40DFEE22}.Release|x86.ActiveCfg = Release|Any CPU
		{402DDBC9-9712-4221-97F6-8B7E40DFEE22}.Release|x86.Build.0 = Release|Any CPU
		{192C8624-17E3-405C-BDE4-CF3690A90B14}.Debug|Any CPU.ActiveCfg = Debug|Any CPU
		{192C8624-17E3-405C-BDE4-CF3690A90B14}.Debug|Any CPU.Build.0 = Debug|Any CPU
		{192C8624-17E3-405C-BDE4-CF3690A90B14}.Debug|x64.ActiveCfg = Debug|Any CPU
		{192C8624-17E3-405C-BDE4-CF3690A90B14}.Debug|x64.Build.0 = Debug|Any CPU
		{192C8624-17E3-405C-BDE4-CF3690A90B14}.Debug|x86.ActiveCfg = Debug|Any CPU
		{192C8624-17E3-405C-BDE4-CF3690A90B14}.Debug|x86.Build.0 = Debug|Any CPU
		{192C8624-17E3-405C-BDE4-CF3690A90B14}.Release|Any CPU.ActiveCfg = Release|Any CPU
		{192C8624-17E3-405C-BDE4-CF3690A90B14}.Release|Any CPU.Build.0 = Release|Any CPU
		{192C8624-17E3-405C-BDE4-CF3690A90B14}.Release|x64.ActiveCfg = Release|Any CPU
		{192C8624-17E3-405C-BDE4-CF3690A90B14}.Release|x64.Build.0 = Release|Any CPU
		{192C8624-17E3-405C-BDE4-CF3690A90B14}.Release|x86.ActiveCfg = Release|Any CPU
		{192C8624-17E3-405C-BDE4-CF3690A90B14}.Release|x86.Build.0 = Release|Any CPU
		{119CF6A7-4A70-497F-939B-5B04D2676159}.Debug|Any CPU.ActiveCfg = Debug|Any CPU
		{119CF6A7-4A70-497F-939B-5B04D2676159}.Debug|Any CPU.Build.0 = Debug|Any CPU
		{119CF6A7-4A70-497F-939B-5B04D2676159}.Debug|x64.ActiveCfg = Debug|Any CPU
		{119CF6A7-4A70-497F-939B-5B04D2676159}.Debug|x64.Build.0 = Debug|Any CPU
		{119CF6A7-4A70-497F-939B-5B04D2676159}.Debug|x86.ActiveCfg = Debug|Any CPU
		{119CF6A7-4A70-497F-939B-5B04D2676159}.Debug|x86.Build.0 = Debug|Any CPU
		{119CF6A7-4A70-497F-939B-5B04D2676159}.Release|Any CPU.ActiveCfg = Release|Any CPU
		{119CF6A7-4A70-497F-939B-5B04D2676159}.Release|Any CPU.Build.0 = Release|Any CPU
		{119CF6A7-4A70-497F-939B-5B04D2676159}.Release|x64.ActiveCfg = Release|Any CPU
		{119CF6A7-4A70-497F-939B-5B04D2676159}.Release|x64.Build.0 = Release|Any CPU
		{119CF6A7-4A70-497F-939B-5B04D2676159}.Release|x86.ActiveCfg = Release|Any CPU
		{119CF6A7-4A70-497F-939B-5B04D2676159}.Release|x86.Build.0 = Release|Any CPU
	EndGlobalSection
EndGlobal
